// !$*UTF8*$!
{
	archiveVersion = 1;
	classes = {
	};
	objectVersion = 50;
	objects = {

/* Begin PBXBuildFile section */
		D1108E4E249F84D500B1D106 /* AppDelegate.swift in Sources */ = {isa = PBXBuildFile; fileRef = D1108E4D249F84D500B1D106 /* AppDelegate.swift */; };
		D1108E50249F84D500B1D106 /* SceneDelegate.swift in Sources */ = {isa = PBXBuildFile; fileRef = D1108E4F249F84D500B1D106 /* SceneDelegate.swift */; };
		D1108E52249F84D500B1D106 /* ViewController.swift in Sources */ = {isa = PBXBuildFile; fileRef = D1108E51249F84D500B1D106 /* ViewController.swift */; };
		D1108E55249F84D500B1D106 /* Main.storyboard in Resources */ = {isa = PBXBuildFile; fileRef = D1108E53249F84D500B1D106 /* Main.storyboard */; };
		D1108E57249F84D800B1D106 /* Assets.xcassets in Resources */ = {isa = PBXBuildFile; fileRef = D1108E56249F84D800B1D106 /* Assets.xcassets */; };
		D1108E5A249F84D800B1D106 /* LaunchScreen.storyboard in Resources */ = {isa = PBXBuildFile; fileRef = D1108E58249F84D800B1D106 /* LaunchScreen.storyboard */; };
		D1108E62249F86DD00B1D106 /* Modal.swift in Sources */ = {isa = PBXBuildFile; fileRef = D1108E61249F86DD00B1D106 /* Modal.swift */; };
		D1108E64249F8A6200B1D106 /* Users.swift in Sources */ = {isa = PBXBuildFile; fileRef = D1108E63249F8A6200B1D106 /* Users.swift */; };
/* End PBXBuildFile section */

/* Begin PBXFileReference section */
		D1108E4A249F84D500B1D106 /* JSONCodable.app */ = {isa = PBXFileReference; explicitFileType = wrapper.application; includeInIndex = 0; path = JSONCodable.app; sourceTree = BUILT_PRODUCTS_DIR; };
		D1108E4D249F84D500B1D106 /* AppDelegate.swift */ = {isa = PBXFileReference; lastKnownFileType = sourcecode.swift; path = AppDelegate.swift; sourceTree = "<group>"; };
		D1108E4F249F84D500B1D106 /* SceneDelegate.swift */ = {isa = PBXFileReference; lastKnownFileType = sourcecode.swift; path = SceneDelegate.swift; sourceTree = "<group>"; };
		D1108E51249F84D500B1D106 /* ViewController.swift */ = {isa = PBXFileReference; lastKnownFileType = sourcecode.swift; path = ViewController.swift; sourceTree = "<group>"; };
		D1108E54249F84D500B1D106 /* Base */ = {isa = PBXFileReference; lastKnownFileType = file.storyboard; name = Base; path = Base.lproj/Main.storyboard; sourceTree = "<group>"; };
		D1108E56249F84D800B1D106 /* Assets.xcassets */ = {isa = PBXFileReference; lastKnownFileType = folder.assetcatalog; path = Assets.xcassets; sourceTree = "<group>"; };
		D1108E59249F84D800B1D106 /* Base */ = {isa = PBXFileReference; lastKnownFileType = file.storyboard; name = Base; path = Base.lproj/LaunchScreen.storyboard; sourceTree = "<group>"; };
		D1108E5B249F84D800B1D106 /* Info.plist */ = {isa = PBXFileReference; lastKnownFileType = text.plist.xml; path = Info.plist; sourceTree = "<group>"; };
		D1108E61249F86DD00B1D106 /* Modal.swift */ = {isa = PBXFileReference; lastKnownFileType = sourcecode.swift; path = Modal.swift; sourceTree = "<group>"; };
		D1108E63249F8A6200B1D106 /* Users.swift */ = {isa = PBXFileReference; lastKnownFileType = sourcecode.swift; path = Users.swift; sourceTree = "<group>"; };
/* End PBXFileReference section */

/* Begin PBXFrameworksBuildPhase section */
		D1108E47249F84D500B1D106 /* Frameworks */ = {
			isa = PBXFrameworksBuildPhase;
			buildActionMask = 2147483647;
			files = (
			);
			runOnlyForDeploymentPostprocessing = 0;
		};
/* End PBXFrameworksBuildPhase section */

/* Begin PBXGroup section */
		D1108E41249F84D500B1D106 = {
			isa = PBXGroup;
			children = (
				D1108E4C249F84D500B1D106 /* JSONCodable */,
				D1108E4B249F84D500B1D106 /* Products */,
			);
			sourceTree = "<group>";
		};
		D1108E4B249F84D500B1D106 /* Products */ = {
			isa = PBXGroup;
			children = (
				D1108E4A249F84D500B1D106 /* JSONCodable.app */,
			);
			name = Products;
			sourceTree = "<group>";
		};
		D1108E4C249F84D500B1D106 /* JSONCodable */ = {
			isa = PBXGroup;
			children = (
				D1108E4D249F84D500B1D106 /* AppDelegate.swift */,
				D1108E4F249F84D500B1D106 /* SceneDelegate.swift */,
				D1108E51249F84D500B1D106 /* ViewController.swift */,
				D1108E61249F86DD00B1D106 /* Modal.swift */,
				D1108E63249F8A6200B1D106 /* Users.swift */,
				D1108E53249F84D500B1D106 /* Main.storyboard */,
				D1108E56249F84D800B1D106 /* Assets.xcassets */,
				D1108E58249F84D800B1D106 /* LaunchScreen.storyboard */,
				D1108E5B249F84D800B1D106 /* Info.plist */,
			);
			path = JSONCodable;
			sourceTree = "<group>";
		};
/* End PBXGroup section */

/* Begin PBXNativeTarget section */
		D1108E49249F84D500B1D106 /* JSONCodable */ = {
			isa = PBXNativeTarget;
			buildConfigurationList = D1108E5E249F84D800B1D106 /* Build configuration list for PBXNativeTarget "JSONCodable" */;
			buildPhases = (
				D1108E46249F84D500B1D106 /* Sources */,
				D1108E47249F84D500B1D106 /* Frameworks */,
				D1108E48249F84D500B1D106 /* Resources */,
			);
			buildRules = (
			);
			dependencies = (
			);
			name = JSONCodable;
			productName = JSONCodable;
			productReference = D1108E4A249F84D500B1D106 /* JSONCodable.app */;
			productType = "com.apple.product-type.application";
		};
/* End PBXNativeTarget section */

/* Begin PBXProject section */
		D1108E42249F84D500B1D106 /* Project object */ = {
			isa = PBXProject;
			attributes = {
				LastSwiftUpdateCheck = 1120;
				LastUpgradeCheck = 1120;
				ORGANIZATIONNAME = "SARA Technologies Pvt. Ltd.";
				TargetAttributes = {
					D1108E49249F84D500B1D106 = {
						CreatedOnToolsVersion = 11.2.1;
					};
				};
			};
			buildConfigurationList = D1108E45249F84D500B1D106 /* Build configuration list for PBXProject "JSONCodable" */;
			compatibilityVersion = "Xcode 9.3";
			developmentRegion = en;
			hasScannedForEncodings = 0;
			knownRegions = (
				en,
				Base,
			);
			mainGroup = D1108E41249F84D500B1D106;
			productRefGroup = D1108E4B249F84D500B1D106 /* Products */;
			projectDirPath = "";
			projectRoot = "";
			targets = (
				D1108E49249F84D500B1D106 /* JSONCodable */,
			);
		};
/* End PBXProject section */

/* Begin PBXResourcesBuildPhase section */
		D1108E48249F84D500B1D106 /* Resources */ = {
			isa = PBXResourcesBuildPhase;
			buildActionMask = 2147483647;
			files = (
				D1108E5A249F84D800B1D106 /* LaunchScreen.storyboard in Resources */,
				D1108E57249F84D800B1D106 /* Assets.xcassets in Resources */,
				D1108E55249F84D500B1D106 /* Main.storyboard in Resources */,
			);
			runOnlyForDeploymentPostprocessing = 0;
		};
/* End PBXResourcesBuildPhase section */

/* Begin PBXSourcesBuildPhase section */
		D1108E46249F84D500B1D106 /* Sources */ = {
			isa = PBXSourcesBuildPhase;
			buildActionMask = 2147483647;
			files = (
				D1108E52249F84D500B1D106 /* ViewController.swift in Sources */,
				D1108E64249F8A6200B1D106 /* Users.swift in Sources */,
				D1108E4E249F84D500B1D106 /* AppDelegate.swift in Sources */,
				D1108E50249F84D500B1D106 /* SceneDelegate.swift in Sources */,
				D1108E62249F86DD00B1D106 /* Modal.swift in Sources */,
			);
			runOnlyForDeploymentPostprocessing = 0;
		};
/* End PBXSourcesBuildPhase section */

/* Begin PBXVariantGroup section */
		D1108E53249F84D500B1D106 /* Main.storyboard */ = {
			isa = PBXVariantGroup;
			children = (
				D1108E54249F84D500B1D106 /* Base */,
			);
			name = Main.storyboard;
			sourceTree = "<group>";
		};
		D1108E58249F84D800B1D106 /* LaunchScreen.storyboard */ = {
			isa = PBXVariantGroup;
			children = (
				D1108E59249F84D800B1D106 /* Base */,
			);
			name = LaunchScreen.storyboard;
			sourceTree = "<group>";
		};
/* End PBXVariantGroup section */

/* Begin XCBuildConfiguration section */
		D1108E5C249F84D800B1D106 /* Debug */ = {
			isa = XCBuildConfiguration;
			buildSettings = {
				ALWAYS_SEARCH_USER_PATHS = NO;
				CLANG_ANALYZER_NONNULL = YES;
				CLANG_ANALYZER_NUMBER_OBJECT_CONVERSION = YES_AGGRESSIVE;
				CLANG_CXX_LANGUAGE_STANDARD = "gnu++14";
				CLANG_CXX_LIBRARY = "libc++";
				CLANG_ENABLE_MODULES = YES;
				CLANG_ENABLE_OBJC_ARC = YES;
				CLANG_ENABLE_OBJC_WEAK = YES;
				CLANG_WARN_BLOCK_CAPTURE_AUTORELEASING = YES;
				CLANG_WARN_BOOL_CONVERSION = YES;
				CLANG_WARN_COMMA = YES;
				CLANG_WARN_CONSTANT_CONVERSION = YES;
				CLANG_WARN_DEPRECATED_OBJC_IMPLEMENTATIONS = YES;
				CLANG_WARN_DIRECT_OBJC_ISA_USAGE = YES_ERROR;
				CLANG_WARN_DOCUMENTATION_COMMENTS = YES;
				CLANG_WARN_EMPTY_BODY = YES;
				CLANG_WARN_ENUM_CONVERSION = YES;
				CLANG_WARN_INFINITE_RECURSION = YES;
				CLANG_WARN_INT_CONVERSION = YES;
				CLANG_WARN_NON_LITERAL_NULL_CONVERSION = YES;
				CLANG_WARN_OBJC_IMPLICIT_RETAIN_SELF = YES;
				CLANG_WARN_OBJC_LITERAL_CONVERSION = YES;
				CLANG_WARN_OBJC_ROOT_CLASS = YES_ERROR;
				CLANG_WARN_RANGE_LOOP_ANALYSIS = YES;
				CLANG_WARN_STRICT_PROTOTYPES = YES;
				CLANG_WARN_SUSPICIOUS_MOVE = YES;
				CLANG_WARN_UNGUARDED_AVAILABILITY = YES_AGGRESSIVE;
				CLANG_WARN_UNREACHABLE_CODE = YES;
				CLANG_WARN__DUPLICATE_METHOD_MATCH = YES;
				COPY_PHASE_STRIP = NO;
				DEBUG_INFORMATION_FORMAT = dwarf;
				ENABLE_STRICT_OBJC_MSGSEND = YES;
				ENABLE_TESTABILITY = YES;
				GCC_C_LANGUAGE_STANDARD = gnu11;
				GCC_DYNAMIC_NO_PIC = NO;
				GCC_NO_COMMON_BLOCKS = YES;
				GCC_OPTIMIZATION_LEVEL = 0;
				GCC_PREPROCESSOR_DEFINITIONS = (
					"DEBUG=1",
					"$(inherited)",
				);
				GCC_WARN_64_TO_32_BIT_CONVERSION = YES;
				GCC_WARN_ABOUT_RETURN_TYPE = YES_ERROR;
				GCC_WARN_UNDECLARED_SELECTOR = YES;
				GCC_WARN_UNINITIALIZED_AUTOS = YES_AGGRESSIVE;
				GCC_WARN_UNUSED_FUNCTION = YES;
				GCC_WARN_UNUSED_VARIABLE = YES;
				IPHONEOS_DEPLOYMENT_TARGET = 13.2;
				MTL_ENABLE_DEBUG_INFO = INCLUDE_SOURCE;
				MTL_FAST_MATH = YES;
				ONLY_ACTIVE_ARCH = YES;
				SDKROOT = iphoneos;
				SWIFT_ACTIVE_COMPILATION_CONDITIONS = DEBUG;
				SWIFT_OPTIMIZATION_LEVEL = "-Onone";
			};
			name = Debug;
		};
		D1108E5D249F84D800B1D106 /* Release */ = {
			isa = XCBuildConfiguration;
			buildSettings = {
				ALWAYS_SEARCH_USER_PATHS = NO;
				CLANG_ANALYZER_NONNULL = YES;
				CLANG_ANALYZER_NUMBER_OBJECT_CONVERSION = YES_AGGRESSIVE;
				CLANG_CXX_LANGUAGE_STANDARD = "gnu++14";
				CLANG_CXX_LIBRARY = "libc++";
				CLANG_ENABLE_MODULES = YES;
				CLANG_ENABLE_OBJC_ARC = YES;
				CLANG_ENABLE_OBJC_WEAK = YES;
				CLANG_WARN_BLOCK_CAPTURE_AUTORELEASING = YES;
				CLANG_WARN_BOOL_CONVERSION = YES;
				CLANG_WARN_COMMA = YES;
				CLANG_WARN_CONSTANT_CONVERSION = YES;
				CLANG_WARN_DEPRECATED_OBJC_IMPLEMENTATIONS = YES;
				CLANG_WARN_DIRECT_OBJC_ISA_USAGE = YES_ERROR;
				CLANG_WARN_DOCUMENTATION_COMMENTS = YES;
				CLANG_WARN_EMPTY_BODY = YES;
				CLANG_WARN_ENUM_CONVERSION = YES;
				CLANG_WARN_INFINITE_RECURSION = YES;
				CLANG_WARN_INT_CONVERSION = YES;
				CLANG_WARN_NON_LITERAL_NULL_CONVERSION = YES;
				CLANG_WARN_OBJC_IMPLICIT_RETAIN_SELF = YES;
				CLANG_WARN_OBJC_LITERAL_CONVERSION = YES;
				CLANG_WARN_OBJC_ROOT_CLASS = YES_ERROR;
				CLANG_WARN_RANGE_LOOP_ANALYSIS = YES;
				CLANG_WARN_STRICT_PROTOTYPES = YES;
				CLANG_WARN_SUSPICIOUS_MOVE = YES;
				CLANG_WARN_UNGUARDED_AVAILABILITY = YES_AGGRESSIVE;
				CLANG_WARN_UNREACHABLE_CODE = YES;
				CLANG_WARN__DUPLICATE_METHOD_MATCH = YES;
				COPY_PHASE_STRIP = NO;
				DEBUG_INFORMATION_FORMAT = "dwarf-with-dsym";
				ENABLE_NS_ASSERTIONS = NO;
				ENABLE_STRICT_OBJC_MSGSEND = YES;
				GCC_C_LANGUAGE_STANDARD = gnu11;
				GCC_NO_COMMON_BLOCKS = YES;
				GCC_WARN_64_TO_32_BIT_CONVERSION = YES;
				GCC_WARN_ABOUT_RETURN_TYPE = YES_ERROR;
				GCC_WARN_UNDECLARED_SELECTOR = YES;
				GCC_WARN_UNINITIALIZED_AUTOS = YES_AGGRESSIVE;
				GCC_WARN_UNUSED_FUNCTION = YES;
				GCC_WARN_UNUSED_VARIABLE = YES;
				IPHONEOS_DEPLOYMENT_TARGET = 13.2;
				MTL_ENABLE_DEBUG_INFO = NO;
				MTL_FAST_MATH = YES;
				SDKROOT = iphoneos;
				SWIFT_COMPILATION_MODE = wholemodule;
				SWIFT_OPTIMIZATION_LEVEL = "-O";
				VALIDATE_PRODUCT = YES;
			};
			name = Release;
		};
		D1108E5F249F84D800B1D106 /* Debug */ = {
			isa = XCBuildConfiguration;
			buildSettings = {
				ASSETCATALOG_COMPILER_APPICON_NAME = AppIcon;
				CODE_SIGN_STYLE = Automatic;
				INFOPLIST_FILE = JSONCodable/Info.plist;
				LD_RUNPATH_SEARCH_PATHS = (
					"$(inherited)",
					"@executable_path/Frameworks",
				);
				PRODUCT_BUNDLE_IDENTIFIER = com.saratechnologies.JSONCodable;
				PRODUCT_NAME = "$(TARGET_NAME)";
				SWIFT_VERSION = 5.0;
				TARGETED_DEVICE_FAMILY = "1,2";
			};
			name = Debug;
		};
		D1108E60249F84D800B1D106 /* Release */ = {
			isa = XCBuildConfiguration;
			buildSettings = {
				ASSETCATALOG_COMPILER_APPICON_NAME = AppIcon;
				CODE_SIGN_STYLE = Automatic;
				INFOPLIST_FILE = JSONCodable/Info.plist;
				LD_RUNPATH_SEARCH_PATHS = (
					"$(inherited)",
					"@executable_path/Frameworks",
				);
				PRODUCT_BUNDLE_IDENTIFIER = com.saratechnologies.JSONCodable;
				PRODUCT_NAME = "$(TARGET_NAME)";
				SWIFT_VERSION = 5.0;
				TARGETED_DEVICE_FAMILY = "1,2";
			};
			name = Release;
		};
/* End XCBuildConfiguration section */

/* Begin XCConfigurationList section */
		D1108E45249F84D500B1D106 /* Build configuration list for PBXProject "JSONCodable" */ = {
			isa = XCConfigurationList;
			buildConfigurations = (
				D1108E5C249F84D800B1D106 /* Debug */,
				D1108E5D249F84D800B1D106 /* Release */,
			);
			defaultConfigurationIsVisible = 0;
			defaultConfigurationName = Release;
		};
		D1108E5E249F84D800B1D106 /* Build configuration list for PBXNativeTarget "JSONCodable" */ = {
			isa = XCConfigurationList;
			buildConfigurations = (
				D1108E5F249F84D800B1D106 /* Debug */,
				D1108E60249F84D800B1D106 /* Release */,
			);
			defaultConfigurationIsVisible = 0;
			defaultConfigurationName = Release;
		};
/* End XCConfigurationList section */
	};
	rootObject = D1108E42249F84D500B1D106 /* Project object */;
}
